[[package]]
name = "fake-useragent"
version = "1.1.1"
description = "Up-to-date simple useragent faker with real world database"
category = "main"
optional = false
python-versions = "*"

[metadata]
lock-version = "1.1"
python-versions = "^3.11"
content-hash = "36533132a4dd0c0e2310c9fb275c40607a4a213ddab772f8da18ac6b345a568e"

[metadata.files]
fake-useragent = [
    {file = "fake-useragent-1.1.1.tar.gz", hash = "sha256:579c72b18ba792a5bd54ba48e63e464d21933e336472c974091a6757f31bfcdc"},
    {file = "fake_useragent-1.1.1-py3-none-any.whl", hash = "sha256:9f9b3667d3741ba81e34ebf9a6aa32658ecf7835499257826dd72642af629d59"},
]
